
Microsoft Visual Studio Solution File, Format Version 12.00
# Visual Studio Version 17
VisualStudioVersion = 17.5.33414.496
MinimumVisualStudioVersion = 10.0.40219.1
Project("{9A19103F-16F7-4668-BE54-9A1E7A4F7556}") = "ModifiedSchemeElGamal", "ModifiedSchemeElGamal\ModifiedSchemeElGamal.csproj", "{4C5F6948-B4A4-4EF1-90F4-8A38620AB151}"
EndProject
Project("{9A19103F-16F7-4668-BE54-9A1E7A4F7556}") = "GOST34.10.12", "GOST34.10.12\GOST34.10.12.csproj", "{E1EC7D69-571C-4F6E-A655-7A65BBB029DE}"
EndProject
Global
	GlobalSection(SolutionConfigurationPlatforms) = preSolution
		Debug|Any CPU = Debug|Any CPU
		Release|Any CPU = Release|Any CPU
	EndGlobalSection
	GlobalSection(ProjectConfigurationPlatforms) = postSolution
		{4C5F6948-B4A4-4EF1-90F4-8A38620AB151}.Debug|Any CPU.ActiveCfg = Debug|Any CPU
		{4C5F6948-B4A4-4EF1-90F4-8A38620AB151}.Debug|Any CPU.Build.0 = Debug|Any CPU
		{4C5F6948-B4A4-4EF1-90F4-8A38620AB151}.Release|Any CPU.ActiveCfg = Release|Any CPU
		{4C5F6948-B4A4-4EF1-90F4-8A38620AB151}.Release|Any CPU.Build.0 = Release|Any CPU
		{E1EC7D69-571C-4F6E-A655-7A65BBB029DE}.Debug|Any CPU.ActiveCfg = Debug|Any CPU
		{E1EC7D69-571C-4F6E-A655-7A65BBB029DE}.Debug|Any CPU.Build.0 = Debug|Any CPU
		{E1EC7D69-571C-4F6E-A655-7A65BBB029DE}.Release|Any CPU.ActiveCfg = Release|Any CPU
		{E1EC7D69-571C-4F6E-A655-7A65BBB029DE}.Release|Any CPU.Build.0 = Release|Any CPU
	EndGlobalSection
	GlobalSection(SolutionProperties) = preSolution
		HideSolutionNode = FALSE
	EndGlobalSection
	GlobalSection(ExtensibilityGlobals) = postSolution
		SolutionGuid = {7B789403-ACA2-4C11-8A93-236AC5BCC51C}
	EndGlobalSection
EndGlobal
